<?xml version="1.0" encoding="utf-8"?>
<Project ToolsVersion="4.0" xmlns="http://schemas.microsoft.com/developer/msbuild/2003">
  <ItemGroup>
    <ClCompile Include="..\src\lang\lexer.cpp">
      <Filter>Language</Filter>
    </ClCompile>
    <ClCompile Include="..\src\vm\state.cpp">
      <Filter>VM</Filter>
    </ClCompile>
    <ClCompile Include="..\src\lang\operator.cpp">
      <Filter>Language</Filter>
    </ClCompile>
    <ClCompile Include="..\src\vm\interp.cpp">
      <Filter>VM</Filter>
    </ClCompile>
    <ClCompile Include="..\src\lang\parser.cpp">
      <Filter>Language</Filter>
    </ClCompile>
    <ClCompile Include="..\src\vm\array.cpp">
      <Filter>VM\Types</Filter>
    </ClCompile>
    <ClCompile Include="..\src\vm\function.cpp">
      <Filter>VM\Types</Filter>
    </ClCompile>
    <ClCompile Include="..\src\vm\string.cpp">
      <Filter>VM\Types</Filter>
    </ClCompile>
    <ClCompile Include="..\src\vm\table.cpp">
      <Filter>VM\Types</Filter>
    </ClCompile>
    <ClCompile Include="..\src\vm\gc.cpp">
      <Filter>VM\Types</Filter>
    </ClCompile>
    <ClCompile Include="..\src\lib\std.cpp">
      <Filter>Library</Filter>
    </ClCompile>
    <ClCompile Include="..\src\util\platform.cpp">
      <Filter>Utility</Filter>
    </ClCompile>
    <ClCompile Include="..\repl.cpp" />
    <ClCompile Include="..\src\vm\userdata.cpp">
      <Filter>VM\Types</Filter>
    </ClCompile>
    <ClCompile Include="..\src\ir\opt_phi.cpp">
      <Filter>IR\Optimizations</Filter>
    </ClCompile>
    <ClCompile Include="..\src\ir\analysis.cpp">
      <Filter>IR\Algorithm</Filter>
    </ClCompile>
    <ClCompile Include="..\src\ir\value.cpp">
      <Filter>IR\Core</Filter>
    </ClCompile>
    <ClCompile Include="..\src\ir\lifter.cpp">
      <Filter>IR\Core</Filter>
    </ClCompile>
    <ClCompile Include="..\src\ir\opt_id.cpp">
      <Filter>IR\Optimizations</Filter>
    </ClCompile>
    <ClCompile Include="..\src\ir\opt_dce.cpp">
      <Filter>IR\Optimizations</Filter>
    </ClCompile>
    <ClCompile Include="..\src\ir\opt_cfg.cpp">
      <Filter>IR\Optimizations</Filter>
    </ClCompile>
  </ItemGroup>
  <ItemGroup>
    <Filter Include="Language">
      <UniqueIdentifier>{d16c2432-5337-473f-9292-a141db7bdb88}</UniqueIdentifier>
    </Filter>
    <Filter Include="Utility">
      <UniqueIdentifier>{53a1c0d0-2724-4774-91ef-1c52df49017e}</UniqueIdentifier>
    </Filter>
    <Filter Include="VM">
      <UniqueIdentifier>{58c48a93-3b5d-46d3-8a82-b38fab373b08}</UniqueIdentifier>
    </Filter>
    <Filter Include="VM\Types">
      <UniqueIdentifier>{9d2a0823-894f-4581-9058-05f4fb2a725a}</UniqueIdentifier>
    </Filter>
    <Filter Include="Library">
      <UniqueIdentifier>{c57d2e3d-b45c-41cf-abbe-fd7785828a57}</UniqueIdentifier>
    </Filter>
    <Filter Include="JIT">
      <UniqueIdentifier>{c978084a-5145-47d5-ac84-0a05a56eba6c}</UniqueIdentifier>
    </Filter>
    <Filter Include="IR">
      <UniqueIdentifier>{6937ce40-997f-467c-8e02-df4d1f1a3a62}</UniqueIdentifier>
    </Filter>
    <Filter Include="IR\Algorithm">
      <UniqueIdentifier>{00feb2c3-4dd2-48c6-8cf9-bf395690f75e}</UniqueIdentifier>
    </Filter>
    <Filter Include="IR\Optimizations">
      <UniqueIdentifier>{8b506929-e789-4fcd-b050-0ff94e5c4a00}</UniqueIdentifier>
    </Filter>
    <Filter Include="IR\Core">
      <UniqueIdentifier>{cb731b20-7d80-4098-b7e3-94b1f8868930}</UniqueIdentifier>
    </Filter>
  </ItemGroup>
  <ItemGroup>
    <ClInclude Include="..\include\lang\lexer.hpp">
      <Filter>Language</Filter>
    </ClInclude>
    <ClInclude Include="..\include\util\format.hpp">
      <Filter>Utility</Filter>
    </ClInclude>
    <ClInclude Include="..\include\util\common.hpp">
      <Filter>Utility</Filter>
    </ClInclude>
    <ClInclude Include="..\include\lang\types.hpp">
      <Filter>Language</Filter>
    </ClInclude>
    <ClInclude Include="..\include\vm\state.hpp">
      <Filter>VM</Filter>
    </ClInclude>
    <ClInclude Include="..\include\util\llist.hpp">
      <Filter>Utility</Filter>
    </ClInclude>
    <ClInclude Include="..\include\util\platform.hpp">
      <Filter>Utility</Filter>
    </ClInclude>
    <ClInclude Include="..\include\vm\bc.hpp">
      <Filter>VM</Filter>
    </ClInclude>
    <ClInclude Include="..\include\lang\parser.hpp">
      <Filter>Language</Filter>
    </ClInclude>
    <ClInclude Include="..\include\lang\operator.hpp">
      <Filter>Language</Filter>
    </ClInclude>
    <ClInclude Include="..\include\vm\array.hpp">
      <Filter>VM\Types</Filter>
    </ClInclude>
    <ClInclude Include="..\include\vm\function.hpp">
      <Filter>VM\Types</Filter>
    </ClInclude>
    <ClInclude Include="..\include\vm\string.hpp">
      <Filter>VM\Types</Filter>
    </ClInclude>
    <ClInclude Include="..\include\vm\table.hpp">
      <Filter>VM\Types</Filter>
    </ClInclude>
    <ClInclude Include="..\include\vm\gc.hpp">
      <Filter>VM\Types</Filter>
    </ClInclude>
    <ClInclude Include="..\include\lib\std.hpp">
      <Filter>Library</Filter>
    </ClInclude>
    <ClInclude Include="..\include\util\user.hpp">
      <Filter>Utility</Filter>
    </ClInclude>
    <ClInclude Include="..\include\util\utf.hpp">
      <Filter>Utility</Filter>
    </ClInclude>
    <ClInclude Include="..\include\vm\traits.hpp">
      <Filter>VM\Types</Filter>
    </ClInclude>
    <ClInclude Include="..\include\jit\zydis.hpp">
      <Filter>JIT</Filter>
    </ClInclude>
    <ClInclude Include="..\include\vm\userdata.hpp">
      <Filter>VM\Types</Filter>
    </ClInclude>
    <ClInclude Include="..\include\util\typeinfo.hpp">
      <Filter>Utility</Filter>
    </ClInclude>
    <ClInclude Include="..\include\util\enuminfo.hpp">
      <Filter>Utility</Filter>
    </ClInclude>
    <ClInclude Include="..\include\ir\opt.hpp">
      <Filter>IR\Optimizations</Filter>
    </ClInclude>
    <ClInclude Include="..\include\ir\insn.hpp">
      <Filter>IR\Core</Filter>
    </ClInclude>
    <ClInclude Include="..\include\ir\lifter.hpp">
      <Filter>IR\Core</Filter>
    </ClInclude>
    <ClInclude Include="..\include\ir\proc.hpp">
      <Filter>IR\Core</Filter>
    </ClInclude>
    <ClInclude Include="..\include\ir\value.hpp">
      <Filter>IR\Core</Filter>
    </ClInclude>
    <ClInclude Include="..\include\ir\arch.hpp">
      <Filter>IR\Core</Filter>
    </ClInclude>
  </ItemGroup>
  <ItemGroup>
    <None Include="..\.clang-format" />
  </ItemGroup>
</Project>